
Microsoft Visual Studio Solution File, Format Version 12.00
# Visual Studio Version 16
VisualStudioVersion = 16.0.31911.196
MinimumVisualStudioVersion = 10.0.40219.1
Project("{9A19103F-16F7-4668-BE54-9A1E7A4F7556}") = "E-Ticaret.API", "E-Ticaret.API\E-Ticaret.API.csproj", "{3D597E3D-56F5-4A98-9A5F-2FC0D4012620}"
EndProject
Project("{FAE04EC0-301F-11D3-BF4B-00C04F79EFBC}") = "E-Ticaret.API.Data", "E-Ticaret.API.Data\E-Ticaret.API.Data.csproj", "{BDBCF3E0-0E15-46F8-8157-A6412DA11505}"
EndProject
Project("{FAE04EC0-301F-11D3-BF4B-00C04F79EFBC}") = "E-Ticaret.API.DataAccess", "E-Ticaret.API.DataAccess\E-Ticaret.API.DataAccess.csproj", "{9E393A77-21A6-48CB-A505-35932D36C3F9}"
EndProject
Global
	GlobalSection(SolutionConfigurationPlatforms) = preSolution
		Debug|Any CPU = Debug|Any CPU
		Release|Any CPU = Release|Any CPU
	EndGlobalSection
	GlobalSection(ProjectConfigurationPlatforms) = postSolution
		{3D597E3D-56F5-4A98-9A5F-2FC0D4012620}.Debug|Any CPU.ActiveCfg = Debug|Any CPU
		{3D597E3D-56F5-4A98-9A5F-2FC0D4012620}.Debug|Any CPU.Build.0 = Debug|Any CPU
		{3D597E3D-56F5-4A98-9A5F-2FC0D4012620}.Release|Any CPU.ActiveCfg = Release|Any CPU
		{3D597E3D-56F5-4A98-9A5F-2FC0D4012620}.Release|Any CPU.Build.0 = Release|Any CPU
		{BDBCF3E0-0E15-46F8-8157-A6412DA11505}.Debug|Any CPU.ActiveCfg = Debug|Any CPU
		{BDBCF3E0-0E15-46F8-8157-A6412DA11505}.Debug|Any CPU.Build.0 = Debug|Any CPU
		{BDBCF3E0-0E15-46F8-8157-A6412DA11505}.Release|Any CPU.ActiveCfg = Release|Any CPU
		{BDBCF3E0-0E15-46F8-8157-A6412DA11505}.Release|Any CPU.Build.0 = Release|Any CPU
		{9E393A77-21A6-48CB-A505-35932D36C3F9}.Debug|Any CPU.ActiveCfg = Debug|Any CPU
		{9E393A77-21A6-48CB-A505-35932D36C3F9}.Debug|Any CPU.Build.0 = Debug|Any CPU
		{9E393A77-21A6-48CB-A505-35932D36C3F9}.Release|Any CPU.ActiveCfg = Release|Any CPU
		{9E393A77-21A6-48CB-A505-35932D36C3F9}.Release|Any CPU.Build.0 = Release|Any CPU
	EndGlobalSection
	GlobalSection(SolutionProperties) = preSolution
		HideSolutionNode = FALSE
	EndGlobalSection
	GlobalSection(ExtensibilityGlobals) = postSolution
		SolutionGuid = {C6DF516F-ABBA-4477-A130-0F860FD6377B}
	EndGlobalSection
EndGlobal
